// !$*UTF8*$!
{
	archiveVersion = 1;
	classes = {
	};
	objectVersion = 46;
	objects = {

/* Begin PBXBuildFile section */
		8F6B6E241A21612200C51051 /* libstdc++.6.0.9.dylib in Frameworks */ = {isa = PBXBuildFile; fileRef = 8F6B6E231A21612200C51051 /* libstdc++.6.0.9.dylib */; };
		8F6B6E2F1A2162D000C51051 /* CoreImage.framework in Frameworks */ = {isa = PBXBuildFile; fileRef = 8F6B6E2E1A2162D000C51051 /* CoreImage.framework */; };
		8FBA2BDC1A574BD400EB48A5 /* OCR_Font_Example.gif in Resources */ = {isa = PBXBuildFile; fileRef = 8FBA2BDA1A574BD400EB48A5 /* OCR_Font_Example.gif */; };
		8FBA2BDD1A574BD400EB48A5 /* sample1.png in Resources */ = {isa = PBXBuildFile; fileRef = 8FBA2BDB1A574BD400EB48A5 /* sample1.png */; };
		8FBA2BE11A574C8500EB48A5 /* french_text.gif in Resources */ = {isa = PBXBuildFile; fileRef = 8FBA2BDF1A574C8500EB48A5 /* french_text.gif */; };
		8FBA2BE21A574C8500EB48A5 /* MauriceFr1.gif in Resources */ = {isa = PBXBuildFile; fileRef = 8FBA2BE01A574C8500EB48A5 /* MauriceFr1.gif */; };
		8FBA2BE71A574CB500EB48A5 /* love-spanish-text-Favim.com-645990.jpg in Resources */ = {isa = PBXBuildFile; fileRef = 8FBA2BE41A574CB500EB48A5 /* love-spanish-text-Favim.com-645990.jpg */; };
		8FBA2BE81A574CB500EB48A5 /* SampleText2_u_v.GIF in Resources */ = {isa = PBXBuildFile; fileRef = 8FBA2BE51A574CB500EB48A5 /* SampleText2_u_v.GIF */; };
		8FBA2BE91A574CB500EB48A5 /* spa.png in Resources */ = {isa = PBXBuildFile; fileRef = 8FBA2BE61A574CB500EB48A5 /* spa.png */; };
		8FBA2BEC1A574E2B00EB48A5 /* FishboneTextSample_6245.gif in Resources */ = {isa = PBXBuildFile; fileRef = 8FBA2BEB1A574E2B00EB48A5 /* FishboneTextSample_6245.gif */; };
		8FC0B03B1A215A71009A8BAD /* main.m in Sources */ = {isa = PBXBuildFile; fileRef = 8FC0B03A1A215A71009A8BAD /* main.m */; };
		8FC0B03E1A215A71009A8BAD /* AppDelegate.m in Sources */ = {isa = PBXBuildFile; fileRef = 8FC0B03D1A215A71009A8BAD /* AppDelegate.m */; };
		8FC0B0411A215A71009A8BAD /* ViewController.m in Sources */ = {isa = PBXBuildFile; fileRef = 8FC0B0401A215A71009A8BAD /* ViewController.m */; };
		8FC0B0441A215A71009A8BAD /* Main.storyboard in Resources */ = {isa = PBXBuildFile; fileRef = 8FC0B0421A215A71009A8BAD /* Main.storyboard */; };
		8FC0B0461A215A71009A8BAD /* Images.xcassets in Resources */ = {isa = PBXBuildFile; fileRef = 8FC0B0451A215A71009A8BAD /* Images.xcassets */; };
		8FC0B0491A215A71009A8BAD /* LaunchScreen.xib in Resources */ = {isa = PBXBuildFile; fileRef = 8FC0B0471A215A71009A8BAD /* LaunchScreen.xib */; };
		8FC0B0551A215A71009A8BAD /* TextExtractorTests.m in Sources */ = {isa = PBXBuildFile; fileRef = 8FC0B0541A215A71009A8BAD /* TextExtractorTests.m */; };
		8FCA1E081A52AC22004910E9 /* image_sample.jpg in Resources */ = {isa = PBXBuildFile; fileRef = 8FCA1E071A52AC22004910E9 /* image_sample.jpg */; };
		8FE158271A57588A00D43E15 /* TesseractOCR.framework in Frameworks */ = {isa = PBXBuildFile; fileRef = 8FE158261A57588A00D43E15 /* TesseractOCR.framework */; };
		8FE158291A5758E300D43E15 /* tessdata in Resources */ = {isa = PBXBuildFile; fileRef = 8FE158281A5758E300D43E15 /* tessdata */; };
/* End PBXBuildFile section */

/* Begin PBXContainerItemProxy section */
		8FC0B04F1A215A71009A8BAD /* PBXContainerItemProxy */ = {
			isa = PBXContainerItemProxy;
			containerPortal = 8FC0B02D1A215A71009A8BAD /* Project object */;
			proxyType = 1;
			remoteGlobalIDString = 8FC0B0341A215A71009A8BAD;
			remoteInfo = TextExtractor;
		};
/* End PBXContainerItemProxy section */

/* Begin PBXFileReference section */
		8F6B6E231A21612200C51051 /* libstdc++.6.0.9.dylib */ = {isa = PBXFileReference; lastKnownFileType = "compiled.mach-o.dylib"; name = "libstdc++.6.0.9.dylib"; path = "usr/lib/libstdc++.6.0.9.dylib"; sourceTree = SDKROOT; };
		8F6B6E2E1A2162D000C51051 /* CoreImage.framework */ = {isa = PBXFileReference; lastKnownFileType = wrapper.framework; name = CoreImage.framework; path = System/Library/Frameworks/CoreImage.framework; sourceTree = SDKROOT; };
		8FBA2BDA1A574BD400EB48A5 /* OCR_Font_Example.gif */ = {isa = PBXFileReference; lastKnownFileType = image.gif; path = OCR_Font_Example.gif; sourceTree = "<group>"; };
		8FBA2BDB1A574BD400EB48A5 /* sample1.png */ = {isa = PBXFileReference; lastKnownFileType = image.png; path = sample1.png; sourceTree = "<group>"; };
		8FBA2BDF1A574C8500EB48A5 /* french_text.gif */ = {isa = PBXFileReference; lastKnownFileType = image.gif; path = french_text.gif; sourceTree = "<group>"; };
		8FBA2BE01A574C8500EB48A5 /* MauriceFr1.gif */ = {isa = PBXFileReference; lastKnownFileType = image.gif; path = MauriceFr1.gif; sourceTree = "<group>"; };
		8FBA2BE41A574CB500EB48A5 /* love-spanish-text-Favim.com-645990.jpg */ = {isa = PBXFileReference; lastKnownFileType = image.jpeg; path = "love-spanish-text-Favim.com-645990.jpg"; sourceTree = "<group>"; };
		8FBA2BE51A574CB500EB48A5 /* SampleText2_u_v.GIF */ = {isa = PBXFileReference; lastKnownFileType = image.gif; path = SampleText2_u_v.GIF; sourceTree = "<group>"; };
		8FBA2BE61A574CB500EB48A5 /* spa.png */ = {isa = PBXFileReference; lastKnownFileType = image.png; path = spa.png; sourceTree = "<group>"; };
		8FBA2BEB1A574E2B00EB48A5 /* FishboneTextSample_6245.gif */ = {isa = PBXFileReference; lastKnownFileType = image.gif; path = FishboneTextSample_6245.gif; sourceTree = "<group>"; };
		8FC0B0351A215A71009A8BAD /* TextExtractor.app */ = {isa = PBXFileReference; explicitFileType = wrapper.application; includeInIndex = 0; path = TextExtractor.app; sourceTree = BUILT_PRODUCTS_DIR; };
		8FC0B0391A215A71009A8BAD /* Info.plist */ = {isa = PBXFileReference; lastKnownFileType = text.plist.xml; path = Info.plist; sourceTree = "<group>"; };
		8FC0B03A1A215A71009A8BAD /* main.m */ = {isa = PBXFileReference; lastKnownFileType = sourcecode.c.objc; path = main.m; sourceTree = "<group>"; };
		8FC0B03C1A215A71009A8BAD /* AppDelegate.h */ = {isa = PBXFileReference; lastKnownFileType = sourcecode.c.h; path = AppDelegate.h; sourceTree = "<group>"; };
		8FC0B03D1A215A71009A8BAD /* AppDelegate.m */ = {isa = PBXFileReference; lastKnownFileType = sourcecode.c.objc; path = AppDelegate.m; sourceTree = "<group>"; };
		8FC0B03F1A215A71009A8BAD /* ViewController.h */ = {isa = PBXFileReference; lastKnownFileType = sourcecode.c.h; path = ViewController.h; sourceTree = "<group>"; };
		8FC0B0401A215A71009A8BAD /* ViewController.m */ = {isa = PBXFileReference; lastKnownFileType = sourcecode.c.objc; path = ViewController.m; sourceTree = "<group>"; };
		8FC0B0431A215A71009A8BAD /* Base */ = {isa = PBXFileReference; lastKnownFileType = file.storyboard; name = Base; path = Base.lproj/Main.storyboard; sourceTree = "<group>"; };
		8FC0B0451A215A71009A8BAD /* Images.xcassets */ = {isa = PBXFileReference; lastKnownFileType = folder.assetcatalog; path = Images.xcassets; sourceTree = "<group>"; };
		8FC0B0481A215A71009A8BAD /* Base */ = {isa = PBXFileReference; lastKnownFileType = file.xib; name = Base; path = Base.lproj/LaunchScreen.xib; sourceTree = "<group>"; };
		8FC0B04E1A215A71009A8BAD /* TextExtractorTests.xctest */ = {isa = PBXFileReference; explicitFileType = wrapper.cfbundle; includeInIndex = 0; path = TextExtractorTests.xctest; sourceTree = BUILT_PRODUCTS_DIR; };
		8FC0B0531A215A71009A8BAD /* Info.plist */ = {isa = PBXFileReference; lastKnownFileType = text.plist.xml; path = Info.plist; sourceTree = "<group>"; };
		8FC0B0541A215A71009A8BAD /* TextExtractorTests.m */ = {isa = PBXFileReference; lastKnownFileType = sourcecode.c.objc; path = TextExtractorTests.m; sourceTree = "<group>"; };
		8FCA1E071A52AC22004910E9 /* image_sample.jpg */ = {isa = PBXFileReference; lastKnownFileType = image.jpeg; path = image_sample.jpg; sourceTree = "<group>"; };
		8FE158261A57588A00D43E15 /* TesseractOCR.framework */ = {isa = PBXFileReference; lastKnownFileType = wrapper.framework; path = TesseractOCR.framework; sourceTree = "<group>"; };
		8FE158281A5758E300D43E15 /* tessdata */ = {isa = PBXFileReference; lastKnownFileType = folder; path = tessdata; sourceTree = "<group>"; };
/* End PBXFileReference section */

/* Begin PBXFrameworksBuildPhase section */
		8FC0B0321A215A71009A8BAD /* Frameworks */ = {
			isa = PBXFrameworksBuildPhase;
			buildActionMask = 2147483647;
			files = (
				8F6B6E2F1A2162D000C51051 /* CoreImage.framework in Frameworks */,
				8FE158271A57588A00D43E15 /* TesseractOCR.framework in Frameworks */,
				8F6B6E241A21612200C51051 /* libstdc++.6.0.9.dylib in Frameworks */,
			);
			runOnlyForDeploymentPostprocessing = 0;
		};
		8FC0B04B1A215A71009A8BAD /* Frameworks */ = {
			isa = PBXFrameworksBuildPhase;
			buildActionMask = 2147483647;
			files = (
			);
			runOnlyForDeploymentPostprocessing = 0;
		};
/* End PBXFrameworksBuildPhase section */

/* Begin PBXGroup section */
		8F6B6E221A2160F900C51051 /* Frameworks */ = {
			isa = PBXGroup;
			children = (
				8F6B6E2E1A2162D000C51051 /* CoreImage.framework */,
				8F6B6E231A21612200C51051 /* libstdc++.6.0.9.dylib */,
				8FE158261A57588A00D43E15 /* TesseractOCR.framework */,
			);
			name = Frameworks;
			sourceTree = "<group>";
		};
		8FBA2BD91A5749FF00EB48A5 /* ImageSamples */ = {
			isa = PBXGroup;
			children = (
				8FBA2BEA1A574CC100EB48A5 /* Spanish */,
				8FBA2BE31A574C8D00EB48A5 /* French */,
				8FBA2BDE1A574BF400EB48A5 /* English */,
			);
			name = ImageSamples;
			sourceTree = "<group>";
		};
		8FBA2BDE1A574BF400EB48A5 /* English */ = {
			isa = PBXGroup;
			children = (
				8FBA2BEB1A574E2B00EB48A5 /* FishboneTextSample_6245.gif */,
				8FCA1E071A52AC22004910E9 /* image_sample.jpg */,
				8FBA2BDA1A574BD400EB48A5 /* OCR_Font_Example.gif */,
				8FBA2BDB1A574BD400EB48A5 /* sample1.png */,
			);
			name = English;
			sourceTree = "<group>";
		};
		8FBA2BE31A574C8D00EB48A5 /* French */ = {
			isa = PBXGroup;
			children = (
				8FBA2BDF1A574C8500EB48A5 /* french_text.gif */,
				8FBA2BE01A574C8500EB48A5 /* MauriceFr1.gif */,
			);
			name = French;
			sourceTree = "<group>";
		};
		8FBA2BEA1A574CC100EB48A5 /* Spanish */ = {
			isa = PBXGroup;
			children = (
				8FBA2BE41A574CB500EB48A5 /* love-spanish-text-Favim.com-645990.jpg */,
				8FBA2BE51A574CB500EB48A5 /* SampleText2_u_v.GIF */,
				8FBA2BE61A574CB500EB48A5 /* spa.png */,
			);
			name = Spanish;
			sourceTree = "<group>";
		};
		8FC0B02C1A215A71009A8BAD = {
			isa = PBXGroup;
			children = (
				8FC0B0371A215A71009A8BAD /* TextExtractor */,
				8FC0B0511A215A71009A8BAD /* TextExtractorTests */,
				8FC0B0361A215A71009A8BAD /* Products */,
				8F6B6E221A2160F900C51051 /* Frameworks */,
			);
			sourceTree = "<group>";
		};
		8FC0B0361A215A71009A8BAD /* Products */ = {
			isa = PBXGroup;
			children = (
				8FC0B0351A215A71009A8BAD /* TextExtractor.app */,
				8FC0B04E1A215A71009A8BAD /* TextExtractorTests.xctest */,
			);
			name = Products;
			sourceTree = "<group>";
		};
		8FC0B0371A215A71009A8BAD /* TextExtractor */ = {
			isa = PBXGroup;
			children = (
				8FE158281A5758E300D43E15 /* tessdata */,
				8FC0B03C1A215A71009A8BAD /* AppDelegate.h */,
				8FC0B03D1A215A71009A8BAD /* AppDelegate.m */,
				8FC0B03F1A215A71009A8BAD /* ViewController.h */,
				8FC0B0401A215A71009A8BAD /* ViewController.m */,
				8FC0B0421A215A71009A8BAD /* Main.storyboard */,
				8FC0B0451A215A71009A8BAD /* Images.xcassets */,
				8FC0B0471A215A71009A8BAD /* LaunchScreen.xib */,
				8FC0B0381A215A71009A8BAD /* Supporting Files */,
			);
			path = TextExtractor;
			sourceTree = "<group>";
		};
		8FC0B0381A215A71009A8BAD /* Supporting Files */ = {
			isa = PBXGroup;
			children = (
				8FBA2BD91A5749FF00EB48A5 /* ImageSamples */,
				8FC0B0391A215A71009A8BAD /* Info.plist */,
				8FC0B03A1A215A71009A8BAD /* main.m */,
			);
			name = "Supporting Files";
			sourceTree = "<group>";
		};
		8FC0B0511A215A71009A8BAD /* TextExtractorTests */ = {
			isa = PBXGroup;
			children = (
				8FC0B0541A215A71009A8BAD /* TextExtractorTests.m */,
				8FC0B0521A215A71009A8BAD /* Supporting Files */,
			);
			path = TextExtractorTests;
			sourceTree = "<group>";
		};
		8FC0B0521A215A71009A8BAD /* Supporting Files */ = {
			isa = PBXGroup;
			children = (
				8FC0B0531A215A71009A8BAD /* Info.plist */,
			);
			name = "Supporting Files";
			sourceTree = "<group>";
		};
/* End PBXGroup section */

/* Begin PBXNativeTarget section */
		8FC0B0341A215A71009A8BAD /* TextExtractor */ = {
			isa = PBXNativeTarget;
			buildConfigurationList = 8FC0B0581A215A71009A8BAD /* Build configuration list for PBXNativeTarget "TextExtractor" */;
			buildPhases = (
				8FC0B0311A215A71009A8BAD /* Sources */,
				8FC0B0321A215A71009A8BAD /* Frameworks */,
				8FC0B0331A215A71009A8BAD /* Resources */,
			);
			buildRules = (
			);
			dependencies = (
			);
			name = TextExtractor;
			productName = TextExtractor;
			productReference = 8FC0B0351A215A71009A8BAD /* TextExtractor.app */;
			productType = "com.apple.product-type.application";
		};
		8FC0B04D1A215A71009A8BAD /* TextExtractorTests */ = {
			isa = PBXNativeTarget;
			buildConfigurationList = 8FC0B05B1A215A71009A8BAD /* Build configuration list for PBXNativeTarget "TextExtractorTests" */;
			buildPhases = (
				8FC0B04A1A215A71009A8BAD /* Sources */,
				8FC0B04B1A215A71009A8BAD /* Frameworks */,
				8FC0B04C1A215A71009A8BAD /* Resources */,
			);
			buildRules = (
			);
			dependencies = (
				8FC0B0501A215A71009A8BAD /* PBXTargetDependency */,
			);
			name = TextExtractorTests;
			productName = TextExtractorTests;
			productReference = 8FC0B04E1A215A71009A8BAD /* TextExtractorTests.xctest */;
			productType = "com.apple.product-type.bundle.unit-test";
		};
/* End PBXNativeTarget section */

/* Begin PBXProject section */
		8FC0B02D1A215A71009A8BAD /* Project object */ = {
			isa = PBXProject;
			attributes = {
				LastUpgradeCheck = 0610;
				ORGANIZATIONNAME = "Tyson Williams";
				TargetAttributes = {
					8FC0B0341A215A71009A8BAD = {
						CreatedOnToolsVersion = 6.1;
					};
					8FC0B04D1A215A71009A8BAD = {
						CreatedOnToolsVersion = 6.1;
						TestTargetID = 8FC0B0341A215A71009A8BAD;
					};
				};
			};
			buildConfigurationList = 8FC0B0301A215A71009A8BAD /* Build configuration list for PBXProject "TextExtractor" */;
			compatibilityVersion = "Xcode 3.2";
			developmentRegion = English;
			hasScannedForEncodings = 0;
			knownRegions = (
				en,
				Base,
			);
			mainGroup = 8FC0B02C1A215A71009A8BAD;
			productRefGroup = 8FC0B0361A215A71009A8BAD /* Products */;
			projectDirPath = "";
			projectRoot = "";
			targets = (
				8FC0B0341A215A71009A8BAD /* TextExtractor */,
				8FC0B04D1A215A71009A8BAD /* TextExtractorTests */,
			);
		};
/* End PBXProject section */

/* Begin PBXResourcesBuildPhase section */
		8FC0B0331A215A71009A8BAD /* Resources */ = {
			isa = PBXResourcesBuildPhase;
			buildActionMask = 2147483647;
			files = (
				8FC0B0441A215A71009A8BAD /* Main.storyboard in Resources */,
				8FBA2BE21A574C8500EB48A5 /* MauriceFr1.gif in Resources */,
				8FE158291A5758E300D43E15 /* tessdata in Resources */,
				8FBA2BDC1A574BD400EB48A5 /* OCR_Font_Example.gif in Resources */,
				8FBA2BE81A574CB500EB48A5 /* SampleText2_u_v.GIF in Resources */,
				8FCA1E081A52AC22004910E9 /* image_sample.jpg in Resources */,
				8FBA2BDD1A574BD400EB48A5 /* sample1.png in Resources */,
				8FBA2BE91A574CB500EB48A5 /* spa.png in Resources */,
				8FBA2BE11A574C8500EB48A5 /* french_text.gif in Resources */,
				8FC0B0491A215A71009A8BAD /* LaunchScreen.xib in Resources */,
				8FC0B0461A215A71009A8BAD /* Images.xcassets in Resources */,
				8FBA2BE71A574CB500EB48A5 /* love-spanish-text-Favim.com-645990.jpg in Resources */,
				8FBA2BEC1A574E2B00EB48A5 /* FishboneTextSample_6245.gif in Resources */,
			);
			runOnlyForDeploymentPostprocessing = 0;
		};
		8FC0B04C1A215A71009A8BAD /* Resources */ = {
			isa = PBXResourcesBuildPhase;
			buildActionMask = 2147483647;
			files = (
			);
			runOnlyForDeploymentPostprocessing = 0;
		};
/* End PBXResourcesBuildPhase section */

/* Begin PBXSourcesBuildPhase section */
		8FC0B0311A215A71009A8BAD /* Sources */ = {
			isa = PBXSourcesBuildPhase;
			buildActionMask = 2147483647;
			files = (
				8FC0B0411A215A71009A8BAD /* ViewController.m in Sources */,
				8FC0B03E1A215A71009A8BAD /* AppDelegate.m in Sources */,
				8FC0B03B1A215A71009A8BAD /* main.m in Sources */,
			);
			runOnlyForDeploymentPostprocessing = 0;
		};
		8FC0B04A1A215A71009A8BAD /* Sources */ = {
			isa = PBXSourcesBuildPhase;
			buildActionMask = 2147483647;
			files = (
				8FC0B0551A215A71009A8BAD /* TextExtractorTests.m in Sources */,
			);
			runOnlyForDeploymentPostprocessing = 0;
		};
/* End PBXSourcesBuildPhase section */

/* Begin PBXTargetDependency section */
		8FC0B0501A215A71009A8BAD /* PBXTargetDependency */ = {
			isa = PBXTargetDependency;
			target = 8FC0B0341A215A71009A8BAD /* TextExtractor */;
			targetProxy = 8FC0B04F1A215A71009A8BAD /* PBXContainerItemProxy */;
		};
/* End PBXTargetDependency section */

/* Begin PBXVariantGroup section */
		8FC0B0421A215A71009A8BAD /* Main.storyboard */ = {
			isa = PBXVariantGroup;
			children = (
				8FC0B0431A215A71009A8BAD /* Base */,
			);
			name = Main.storyboard;
			sourceTree = "<group>";
		};
		8FC0B0471A215A71009A8BAD /* LaunchScreen.xib */ = {
			isa = PBXVariantGroup;
			children = (
				8FC0B0481A215A71009A8BAD /* Base */,
			);
			name = LaunchScreen.xib;
			sourceTree = "<group>";
		};
/* End PBXVariantGroup section */

/* Begin XCBuildConfiguration section */
		8FC0B0561A215A71009A8BAD /* Debug */ = {
			isa = XCBuildConfiguration;
			buildSettings = {
				ALWAYS_SEARCH_USER_PATHS = NO;
				CLANG_CXX_LANGUAGE_STANDARD = "gnu++0x";
				CLANG_CXX_LIBRARY = "libc++";
				CLANG_ENABLE_MODULES = YES;
				CLANG_ENABLE_OBJC_ARC = YES;
				CLANG_WARN_BOOL_CONVERSION = YES;
				CLANG_WARN_CONSTANT_CONVERSION = YES;
				CLANG_WARN_DIRECT_OBJC_ISA_USAGE = YES_ERROR;
				CLANG_WARN_EMPTY_BODY = YES;
				CLANG_WARN_ENUM_CONVERSION = YES;
				CLANG_WARN_INT_CONVERSION = YES;
				CLANG_WARN_OBJC_ROOT_CLASS = YES_ERROR;
				CLANG_WARN_UNREACHABLE_CODE = YES;
				CLANG_WARN__DUPLICATE_METHOD_MATCH = YES;
				"CODE_SIGN_IDENTITY[sdk=iphoneos*]" = "iPhone Developer";
				COPY_PHASE_STRIP = NO;
				ENABLE_STRICT_OBJC_MSGSEND = YES;
				GCC_C_LANGUAGE_STANDARD = gnu99;
				GCC_DYNAMIC_NO_PIC = NO;
				GCC_OPTIMIZATION_LEVEL = 0;
				GCC_PREPROCESSOR_DEFINITIONS = (
					"DEBUG=1",
					"$(inherited)",
				);
				GCC_SYMBOLS_PRIVATE_EXTERN = NO;
				GCC_WARN_64_TO_32_BIT_CONVERSION = YES;
				GCC_WARN_ABOUT_RETURN_TYPE = YES_ERROR;
				GCC_WARN_UNDECLARED_SELECTOR = YES;
				GCC_WARN_UNINITIALIZED_AUTOS = YES_AGGRESSIVE;
				GCC_WARN_UNUSED_FUNCTION = YES;
				GCC_WARN_UNUSED_VARIABLE = YES;
				IPHONEOS_DEPLOYMENT_TARGET = 8.1;
				MTL_ENABLE_DEBUG_INFO = YES;
				ONLY_ACTIVE_ARCH = YES;
				SDKROOT = iphoneos;
				TARGETED_DEVICE_FAMILY = "1,2";
			};
			name = Debug;
		};
		8FC0B0571A215A71009A8BAD /* Release */ = {
			isa = XCBuildConfiguration;
			buildSettings = {
				ALWAYS_SEARCH_USER_PATHS = NO;
				CLANG_CXX_LANGUAGE_STANDARD = "gnu++0x";
				CLANG_CXX_LIBRARY = "libc++";
				CLANG_ENABLE_MODULES = YES;
				CLANG_ENABLE_OBJC_ARC = YES;
				CLANG_WARN_BOOL_CONVERSION = YES;
				CLANG_WARN_CONSTANT_CONVERSION = YES;
				CLANG_WARN_DIRECT_OBJC_ISA_USAGE = YES_ERROR;
				CLANG_WARN_EMPTY_BODY = YES;
				CLANG_WARN_ENUM_CONVERSION = YES;
				CLANG_WARN_INT_CONVERSION = YES;
				CLANG_WARN_OBJC_ROOT_CLASS = YES_ERROR;
				CLANG_WARN_UNREACHABLE_CODE = YES;
				CLANG_WARN__DUPLICATE_METHOD_MATCH = YES;
				"CODE_SIGN_IDENTITY[sdk=iphoneos*]" = "iPhone Developer";
				COPY_PHASE_STRIP = YES;
				ENABLE_NS_ASSERTIONS = NO;
				ENABLE_STRICT_OBJC_MSGSEND = YES;
				GCC_C_LANGUAGE_STANDARD = gnu99;
				GCC_WARN_64_TO_32_BIT_CONVERSION = YES;
				GCC_WARN_ABOUT_RETURN_TYPE = YES_ERROR;
				GCC_WARN_UNDECLARED_SELECTOR = YES;
				GCC_WARN_UNINITIALIZED_AUTOS = YES_AGGRESSIVE;
				GCC_WARN_UNUSED_FUNCTION = YES;
				GCC_WARN_UNUSED_VARIABLE = YES;
				IPHONEOS_DEPLOYMENT_TARGET = 8.1;
				MTL_ENABLE_DEBUG_INFO = NO;
				SDKROOT = iphoneos;
				TARGETED_DEVICE_FAMILY = "1,2";
				VALIDATE_PRODUCT = YES;
			};
			name = Release;
		};
		8FC0B0591A215A71009A8BAD /* Debug */ = {
			isa = XCBuildConfiguration;
			buildSettings = {
				ASSETCATALOG_COMPILER_APPICON_NAME = AppIcon;
				CLANG_CXX_LIBRARY = "compiler-default";
				FRAMEWORK_SEARCH_PATHS = (
					"$(inherited)",
					"/Users/tyson/Documents/Tesseract-OCR-iOS/Products",
					"$(PROJECT_DIR)",
				);
				INFOPLIST_FILE = TextExtractor/Info.plist;
				LD_RUNPATH_SEARCH_PATHS = "$(inherited) @executable_path/Frameworks";
				OTHER_LDFLAGS = "-lstdc++";
				PRODUCT_NAME = "$(TARGET_NAME)";
			};
			name = Debug;
		};
		8FC0B05A1A215A71009A8BAD /* Release */ = {
			isa = XCBuildConfiguration;
			buildSettings = {
				ASSETCATALOG_COMPILER_APPICON_NAME = AppIcon;
				CLANG_CXX_LIBRARY = "compiler-default";
				FRAMEWORK_SEARCH_PATHS = (
					"$(inherited)",
					"/Users/tyson/Documents/Tesseract-OCR-iOS/Products",
					"$(PROJECT_DIR)",
				);
				INFOPLIST_FILE = TextExtractor/Info.plist;
				LD_RUNPATH_SEARCH_PATHS = "$(inherited) @executable_path/Frameworks";
				OTHER_LDFLAGS = "-lstdc++";
				PRODUCT_NAME = "$(TARGET_NAME)";
			};
			name = Release;
		};
		8FC0B05C1A215A71009A8BAD /* Debug */ = {
			isa = XCBuildConfiguration;
			buildSettings = {
				BUNDLE_LOADER = "$(TEST_HOST)";
				FRAMEWORK_SEARCH_PATHS = (
					"$(SDKROOT)/Developer/Library/Frameworks",
					"$(inherited)",
				);
				GCC_PREPROCESSOR_DEFINITIONS = (
					"DEBUG=1",
					"$(inherited)",
				);
				INFOPLIST_FILE = TextExtractorTests/Info.plist;
				LD_RUNPATH_SEARCH_PATHS = "$(inherited) @executable_path/Frameworks @loader_path/Frameworks";
				PRODUCT_NAME = "$(TARGET_NAME)";
				TEST_HOST = "$(BUILT_PRODUCTS_DIR)/TextExtractor.app/TextExtractor";
			};
			name = Debug;
		};
		8FC0B05D1A215A71009A8BAD /* Release */ = {
			isa = XCBuildConfiguration;
			buildSettings = {
				BUNDLE_LOADER = "$(TEST_HOST)";
				FRAMEWORK_SEARCH_PATHS = (
					"$(SDKROOT)/Developer/Library/Frameworks",
					"$(inherited)",
				);
				INFOPLIST_FILE = TextExtractorTests/Info.plist;
				LD_RUNPATH_SEARCH_PATHS = "$(inherited) @executable_path/Frameworks @loader_path/Frameworks";
				PRODUCT_NAME = "$(TARGET_NAME)";
				TEST_HOST = "$(BUILT_PRODUCTS_DIR)/TextExtractor.app/TextExtractor";
			};
			name = Release;
		};
/* End XCBuildConfiguration section */

/* Begin XCConfigurationList section */
		8FC0B0301A215A71009A8BAD /* Build configuration list for PBXProject "TextExtractor" */ = {
			isa = XCConfigurationList;
			buildConfigurations = (
				8FC0B0561A215A71009A8BAD /* Debug */,
				8FC0B0571A215A71009A8BAD /* Release */,
			);
			defaultConfigurationIsVisible = 0;
			defaultConfigurationName = Release;
		};
		8FC0B0581A215A71009A8BAD /* Build configuration list for PBXNativeTarget "TextExtractor" */ = {
			isa = XCConfigurationList;
			buildConfigurations = (
				8FC0B0591A215A71009A8BAD /* Debug */,
				8FC0B05A1A215A71009A8BAD /* Release */,
			);
			defaultConfigurationIsVisible = 0;
			defaultConfigurationName = Release;
		};
		8FC0B05B1A215A71009A8BAD /* Build configuration list for PBXNativeTarget "TextExtractorTests" */ = {
			isa = XCConfigurationList;
			buildConfigurations = (
				8FC0B05C1A215A71009A8BAD /* Debug */,
				8FC0B05D1A215A71009A8BAD /* Release */,
			);
			defaultConfigurationIsVisible = 0;
			defaultConfigurationName = Release;
		};
/* End XCConfigurationList section */
	};
	rootObject = 8FC0B02D1A215A71009A8BAD /* Project object */;
}
